dependencies:
- name: acapy
  repository: https://openwallet-foundation.github.io/helm-charts/
  version: 0.2.3
- name: mongodb
  repository: https://charts.bitnami.com/bitnami
  version: 16.4.1
- name: common
  repository: https://charts.bitnami.com/bitnami
  version: 2.31.4
digest: sha256:e26a90d22d30801bacc1799d8eb5f489e7c79d7afb9e86dec6530ceeb04f7487
generated: "2025-09-29T12:51:04.328847203-07:00"
