dependencies:
- name: acapy
  repository: https://openwallet-foundation.github.io/helm-charts/
  version: 0.2.1
- name: mongodb
  repository: https://charts.bitnami.com/bitnami
  version: 16.4.1
- name: common
  repository: https://charts.bitnami.com/bitnami
  version: 2.31.4
digest: sha256:8e7a89561462c0f3fdd3ef65f0a8a08c125d0a5c2aedddfe983120bec61fa40a
generated: "2025-09-10T11:46:19.793605-07:00"
