dependencies:
- name: postgresql
  repository: https://charts.bitnami.com/bitnami/
  version: 15.5.38
- name: common
  repository: https://charts.bitnami.com/bitnami/
  version: 2.31.3
digest: sha256:0ec6bcce4450e521616483c5a3806b461624accc9d10fe501bbc5bff1059533d
generated: "2025-07-28T09:06:17.722812-07:00"
